
Microsoft Visual Studio Solution File, Format Version 12.00
# Visual Studio Version 17
VisualStudioVersion = 17.9.34714.143
MinimumVisualStudioVersion = 10.0.40219.1
Project("{FAE04EC0-301F-11D3-BF4B-00C04F79EFBC}") = "OdbcConnService", "OdbcConnService.csproj", "{8019B216-55AB-4530-A4C6-5D38F67F18F4}"
EndProject
Global
	GlobalSection(SolutionConfigurationPlatforms) = preSolution
		Debug|Any CPU = Debug|Any CPU
		Release|Any CPU = Release|Any CPU
	EndGlobalSection
	GlobalSection(ProjectConfigurationPlatforms) = postSolution
		{8019B216-55AB-4530-A4C6-5D38F67F18F4}.Debug|Any CPU.ActiveCfg = Debug|Any CPU
		{8019B216-55AB-4530-A4C6-5D38F67F18F4}.Debug|Any CPU.Build.0 = Debug|Any CPU
		{8019B216-55AB-4530-A4C6-5D38F67F18F4}.Release|Any CPU.ActiveCfg = Release|Any CPU
		{8019B216-55AB-4530-A4C6-5D38F67F18F4}.Release|Any CPU.Build.0 = Release|Any CPU
	EndGlobalSection
	GlobalSection(SolutionProperties) = preSolution
		HideSolutionNode = FALSE
	EndGlobalSection
	GlobalSection(ExtensibilityGlobals) = postSolution
		SolutionGuid = {FAC30304-57A9-4BF2-B04B-8B508C298179}
	EndGlobalSection
EndGlobal
